// !$*UTF8*$!
{
	archiveVersion = 1;
	classes = {
	};
	objectVersion = 46;
	objects = {

/* Begin PBXBuildFile section */
		F4CCF5D91C005F3400D8922B /* AppDelegate.swift in Sources */ = {isa = PBXBuildFile; fileRef = F4CCF5D81C005F3400D8922B /* AppDelegate.swift */; };
		F4CCF5DB1C005F3400D8922B /* ViewController.swift in Sources */ = {isa = PBXBuildFile; fileRef = F4CCF5DA1C005F3400D8922B /* ViewController.swift */; };
		F4CCF5DE1C005F3500D8922B /* Main.storyboard in Resources */ = {isa = PBXBuildFile; fileRef = F4CCF5DC1C005F3500D8922B /* Main.storyboard */; };
		F4CCF5E01C005F3500D8922B /* Assets.xcassets in Resources */ = {isa = PBXBuildFile; fileRef = F4CCF5DF1C005F3500D8922B /* Assets.xcassets */; };
		F4CCF5E31C005F3500D8922B /* LaunchScreen.storyboard in Resources */ = {isa = PBXBuildFile; fileRef = F4CCF5E11C005F3500D8922B /* LaunchScreen.storyboard */; };
		F4CCF5EE1C005F3500D8922B /* CircularSeekUITests.swift in Sources */ = {isa = PBXBuildFile; fileRef = F4CCF5ED1C005F3500D8922B /* CircularSeekUITests.swift */; };
		F4CCF5FA1C005FC000D8922B /* CircularSeeker.swift in Sources */ = {isa = PBXBuildFile; fileRef = F4CCF5F91C005FC000D8922B /* CircularSeeker.swift */; };
/* End PBXBuildFile section */

/* Begin PBXContainerItemProxy section */
		F4CCF5EA1C005F3500D8922B /* PBXContainerItemProxy */ = {
			isa = PBXContainerItemProxy;
			containerPortal = F4CCF5CD1C005F3400D8922B /* Project object */;
			proxyType = 1;
			remoteGlobalIDString = F4CCF5D41C005F3400D8922B;
			remoteInfo = CircularSeek;
		};
/* End PBXContainerItemProxy section */

/* Begin PBXFileReference section */
		F4CCF5D51C005F3400D8922B /* CircularSeek.app */ = {isa = PBXFileReference; explicitFileType = wrapper.application; includeInIndex = 0; path = CircularSeek.app; sourceTree = BUILT_PRODUCTS_DIR; };
		F4CCF5D81C005F3400D8922B /* AppDelegate.swift */ = {isa = PBXFileReference; lastKnownFileType = sourcecode.swift; path = AppDelegate.swift; sourceTree = "<group>"; };
		F4CCF5DA1C005F3400D8922B /* ViewController.swift */ = {isa = PBXFileReference; lastKnownFileType = sourcecode.swift; path = ViewController.swift; sourceTree = "<group>"; };
		F4CCF5DD1C005F3500D8922B /* Base */ = {isa = PBXFileReference; lastKnownFileType = file.storyboard; name = Base; path = Base.lproj/Main.storyboard; sourceTree = "<group>"; };
		F4CCF5DF1C005F3500D8922B /* Assets.xcassets */ = {isa = PBXFileReference; lastKnownFileType = folder.assetcatalog; path = Assets.xcassets; sourceTree = "<group>"; };
		F4CCF5E21C005F3500D8922B /* Base */ = {isa = PBXFileReference; lastKnownFileType = file.storyboard; name = Base; path = Base.lproj/LaunchScreen.storyboard; sourceTree = "<group>"; };
		F4CCF5E41C005F3500D8922B /* Info.plist */ = {isa = PBXFileReference; lastKnownFileType = text.plist.xml; path = Info.plist; sourceTree = "<group>"; };
		F4CCF5E91C005F3500D8922B /* CircularSeekUITests.xctest */ = {isa = PBXFileReference; explicitFileType = wrapper.cfbundle; includeInIndex = 0; path = CircularSeekUITests.xctest; sourceTree = BUILT_PRODUCTS_DIR; };
		F4CCF5ED1C005F3500D8922B /* CircularSeekUITests.swift */ = {isa = PBXFileReference; lastKnownFileType = sourcecode.swift; path = CircularSeekUITests.swift; sourceTree = "<group>"; };
		F4CCF5EF1C005F3500D8922B /* Info.plist */ = {isa = PBXFileReference; lastKnownFileType = text.plist.xml; path = Info.plist; sourceTree = "<group>"; };
		F4CCF5F91C005FC000D8922B /* CircularSeeker.swift */ = {isa = PBXFileReference; fileEncoding = 4; lastKnownFileType = sourcecode.swift; path = CircularSeeker.swift; sourceTree = "<group>"; };
/* End PBXFileReference section */

/* Begin PBXFrameworksBuildPhase section */
		F4CCF5D21C005F3400D8922B /* Frameworks */ = {
			isa = PBXFrameworksBuildPhase;
			buildActionMask = 2147483647;
			files = (
			);
			runOnlyForDeploymentPostprocessing = 0;
		};
		F4CCF5E61C005F3500D8922B /* Frameworks */ = {
			isa = PBXFrameworksBuildPhase;
			buildActionMask = 2147483647;
			files = (
			);
			runOnlyForDeploymentPostprocessing = 0;
		};
/* End PBXFrameworksBuildPhase section */

/* Begin PBXGroup section */
		F4CCF5CC1C005F3400D8922B = {
			isa = PBXGroup;
			children = (
				F4CCF5D71C005F3400D8922B /* CircularSeek */,
				F4CCF5EC1C005F3500D8922B /* CircularSeekUITests */,
				F4CCF5D61C005F3400D8922B /* Products */,
			);
			sourceTree = "<group>";
		};
		F4CCF5D61C005F3400D8922B /* Products */ = {
			isa = PBXGroup;
			children = (
				F4CCF5D51C005F3400D8922B /* CircularSeek.app */,
				F4CCF5E91C005F3500D8922B /* CircularSeekUITests.xctest */,
			);
			name = Products;
			sourceTree = "<group>";
		};
		F4CCF5D71C005F3400D8922B /* CircularSeek */ = {
			isa = PBXGroup;
			children = (
				F4CCF5F81C005FA900D8922B /* CircularSeeker */,
				F4CCF5D81C005F3400D8922B /* AppDelegate.swift */,
				F4CCF5DA1C005F3400D8922B /* ViewController.swift */,
				F4CCF5DC1C005F3500D8922B /* Main.storyboard */,
				F4CCF5DF1C005F3500D8922B /* Assets.xcassets */,
				F4CCF5E11C005F3500D8922B /* LaunchScreen.storyboard */,
				F4CCF5E41C005F3500D8922B /* Info.plist */,
			);
			path = CircularSeek;
			sourceTree = "<group>";
		};
		F4CCF5EC1C005F3500D8922B /* CircularSeekUITests */ = {
			isa = PBXGroup;
			children = (
				F4CCF5ED1C005F3500D8922B /* CircularSeekUITests.swift */,
				F4CCF5EF1C005F3500D8922B /* Info.plist */,
			);
			path = CircularSeekUITests;
			sourceTree = "<group>";
		};
		F4CCF5F81C005FA900D8922B /* CircularSeeker */ = {
			isa = PBXGroup;
			children = (
				F4CCF5F91C005FC000D8922B /* CircularSeeker.swift */,
			);
			path = CircularSeeker;
			sourceTree = "<group>";
		};
/* End PBXGroup section */

/* Begin PBXNativeTarget section */
		F4CCF5D41C005F3400D8922B /* CircularSeek */ = {
			isa = PBXNativeTarget;
			buildConfigurationList = F4CCF5F21C005F3500D8922B /* Build configuration list for PBXNativeTarget "CircularSeek" */;
			buildPhases = (
				F4CCF5D11C005F3400D8922B /* Sources */,
				F4CCF5D21C005F3400D8922B /* Frameworks */,
				F4CCF5D31C005F3400D8922B /* Resources */,
			);
			buildRules = (
			);
			dependencies = (
			);
			name = CircularSeek;
			productName = CircularSeek;
			productReference = F4CCF5D51C005F3400D8922B /* CircularSeek.app */;
			productType = "com.apple.product-type.application";
		};
		F4CCF5E81C005F3500D8922B /* CircularSeekUITests */ = {
			isa = PBXNativeTarget;
			buildConfigurationList = F4CCF5F51C005F3500D8922B /* Build configuration list for PBXNativeTarget "CircularSeekUITests" */;
			buildPhases = (
				F4CCF5E51C005F3500D8922B /* Sources */,
				F4CCF5E61C005F3500D8922B /* Frameworks */,
				F4CCF5E71C005F3500D8922B /* Resources */,
			);
			buildRules = (
			);
			dependencies = (
				F4CCF5EB1C005F3500D8922B /* PBXTargetDependency */,
			);
			name = CircularSeekUITests;
			productName = CircularSeekUITests;
			productReference = F4CCF5E91C005F3500D8922B /* CircularSeekUITests.xctest */;
			productType = "com.apple.product-type.bundle.ui-testing";
		};
/* End PBXNativeTarget section */

/* Begin PBXProject section */
		F4CCF5CD1C005F3400D8922B /* Project object */ = {
			isa = PBXProject;
			attributes = {
				LastSwiftUpdateCheck = 0710;
				LastUpgradeCheck = 0830;
				ORGANIZATIONNAME = "Karthik Keyan";
				TargetAttributes = {
					F4CCF5D41C005F3400D8922B = {
						CreatedOnToolsVersion = 7.1;
						LastSwiftMigration = 0830;
					};
					F4CCF5E81C005F3500D8922B = {
						CreatedOnToolsVersion = 7.1;
						LastSwiftMigration = 0830;
						TestTargetID = F4CCF5D41C005F3400D8922B;
					};
				};
			};
			buildConfigurationList = F4CCF5D01C005F3400D8922B /* Build configuration list for PBXProject "CircularSeek" */;
			compatibilityVersion = "Xcode 3.2";
			developmentRegion = English;
			hasScannedForEncodings = 0;
			knownRegions = (
				en,
				Base,
			);
			mainGroup = F4CCF5CC1C005F3400D8922B;
			productRefGroup = F4CCF5D61C005F3400D8922B /* Products */;
			projectDirPath = "";
			projectRoot = "";
			targets = (
				F4CCF5D41C005F3400D8922B /* CircularSeek */,
				F4CCF5E81C005F3500D8922B /* CircularSeekUITests */,
			);
		};
/* End PBXProject section */

/* Begin PBXResourcesBuildPhase section */
		F4CCF5D31C005F3400D8922B /* Resources */ = {
			isa = PBXResourcesBuildPhase;
			buildActionMask = 2147483647;
			files = (
				F4CCF5E31C005F3500D8922B /* LaunchScreen.storyboard in Resources */,
				F4CCF5E01C005F3500D8922B /* Assets.xcassets in Resources */,
				F4CCF5DE1C005F3500D8922B /* Main.storyboard in Resources */,
			);
			runOnlyForDeploymentPostprocessing = 0;
		};
		F4CCF5E71C005F3500D8922B /* Resources */ = {
			isa = PBXResourcesBuildPhase;
			buildActionMask = 2147483647;
			files = (
			);
			runOnlyForDeploymentPostprocessing = 0;
		};
/* End PBXResourcesBuildPhase section */

/* Begin PBXSourcesBuildPhase section */
		F4CCF5D11C005F3400D8922B /* Sources */ = {
			isa = PBXSourcesBuildPhase;
			buildActionMask = 2147483647;
			files = (
				F4CCF5FA1C005FC000D8922B /* CircularSeeker.swift in Sources */,
				F4CCF5DB1C005F3400D8922B /* ViewController.swift in Sources */,
				F4CCF5D91C005F3400D8922B /* AppDelegate.swift in Sources */,
			);
			runOnlyForDeploymentPostprocessing = 0;
		};
		F4CCF5E51C005F3500D8922B /* Sources */ = {
			isa = PBXSourcesBuildPhase;
			buildActionMask = 2147483647;
			files = (
				F4CCF5EE1C005F3500D8922B /* CircularSeekUITests.swift in Sources */,
			);
			runOnlyForDeploymentPostprocessing = 0;
		};
/* End PBXSourcesBuildPhase section */

/* Begin PBXTargetDependency section */
		F4CCF5EB1C005F3500D8922B /* PBXTargetDependency */ = {
			isa = PBXTargetDependency;
			target = F4CCF5D41C005F3400D8922B /* CircularSeek */;
			targetProxy = F4CCF5EA1C005F3500D8922B /* PBXContainerItemProxy */;
		};
/* End PBXTargetDependency section */

/* Begin PBXVariantGroup section */
		F4CCF5DC1C005F3500D8922B /* Main.storyboard */ = {
			isa = PBXVariantGroup;
			children = (
				F4CCF5DD1C005F3500D8922B /* Base */,
			);
			name = Main.storyboard;
			sourceTree = "<group>";
		};
		F4CCF5E11C005F3500D8922B /* LaunchScreen.storyboard */ = {
			isa = PBXVariantGroup;
			children = (
				F4CCF5E21C005F3500D8922B /* Base */,
			);
			name = LaunchScreen.storyboard;
			sourceTree = "<group>";
		};
/* End PBXVariantGroup section */

/* Begin XCBuildConfiguration section */
		F4CCF5F01C005F3500D8922B /* Debug */ = {
			isa = XCBuildConfiguration;
			buildSettings = {
				ALWAYS_SEARCH_USER_PATHS = NO;
				CLANG_CXX_LANGUAGE_STANDARD = "gnu++0x";
				CLANG_CXX_LIBRARY = "libc++";
				CLANG_ENABLE_MODULES = YES;
				CLANG_ENABLE_OBJC_ARC = YES;
				CLANG_WARN_BOOL_CONVERSION = YES;
				CLANG_WARN_CONSTANT_CONVERSION = YES;
				CLANG_WARN_DIRECT_OBJC_ISA_USAGE = YES_ERROR;
				CLANG_WARN_EMPTY_BODY = YES;
				CLANG_WARN_ENUM_CONVERSION = YES;
				CLANG_WARN_INFINITE_RECURSION = YES;
				CLANG_WARN_INT_CONVERSION = YES;
				CLANG_WARN_OBJC_ROOT_CLASS = YES_ERROR;
				CLANG_WARN_SUSPICIOUS_MOVE = YES;
				CLANG_WARN_UNREACHABLE_CODE = YES;
				CLANG_WARN__DUPLICATE_METHOD_MATCH = YES;
				"CODE_SIGN_IDENTITY[sdk=iphoneos*]" = "iPhone Developer";
				COPY_PHASE_STRIP = NO;
				DEBUG_INFORMATION_FORMAT = dwarf;
				ENABLE_STRICT_OBJC_MSGSEND = YES;
				ENABLE_TESTABILITY = YES;
				GCC_C_LANGUAGE_STANDARD = gnu99;
				GCC_DYNAMIC_NO_PIC = NO;
				GCC_NO_COMMON_BLOCKS = YES;
				GCC_OPTIMIZATION_LEVEL = 0;
				GCC_PREPROCESSOR_DEFINITIONS = (
					"DEBUG=1",
					"$(inherited)",
				);
				GCC_WARN_64_TO_32_BIT_CONVERSION = YES;
				GCC_WARN_ABOUT_RETURN_TYPE = YES_ERROR;
				GCC_WARN_UNDECLARED_SELECTOR = YES;
				GCC_WARN_UNINITIALIZED_AUTOS = YES_AGGRESSIVE;
				GCC_WARN_UNUSED_FUNCTION = YES;
				GCC_WARN_UNUSED_VARIABLE = YES;
				IPHONEOS_DEPLOYMENT_TARGET = 9.1;
				MTL_ENABLE_DEBUG_INFO = YES;
				ONLY_ACTIVE_ARCH = YES;
				SDKROOT = iphoneos;
				SWIFT_OPTIMIZATION_LEVEL = "-Onone";
				TARGETED_DEVICE_FAMILY = "1,2";
			};
			name = Debug;
		};
		F4CCF5F11C005F3500D8922B /* Release */ = {
			isa = XCBuildConfiguration;
			buildSettings = {
				ALWAYS_SEARCH_USER_PATHS = NO;
				CLANG_CXX_LANGUAGE_STANDARD = "gnu++0x";
				CLANG_CXX_LIBRARY = "libc++";
				CLANG_ENABLE_MODULES = YES;
				CLANG_ENABLE_OBJC_ARC = YES;
				CLANG_WARN_BOOL_CONVERSION = YES;
				CLANG_WARN_CONSTANT_CONVERSION = YES;
				CLANG_WARN_DIRECT_OBJC_ISA_USAGE = YES_ERROR;
				CLANG_WARN_EMPTY_BODY = YES;
				CLANG_WARN_ENUM_CONVERSION = YES;
				CLANG_WARN_INFINITE_RECURSION = YES;
				CLANG_WARN_INT_CONVERSION = YES;
				CLANG_WARN_OBJC_ROOT_CLASS = YES_ERROR;
				CLANG_WARN_SUSPICIOUS_MOVE = YES;
				CLANG_WARN_UNREACHABLE_CODE = YES;
				CLANG_WARN__DUPLICATE_METHOD_MATCH = YES;
				"CODE_SIGN_IDENTITY[sdk=iphoneos*]" = "iPhone Developer";
				COPY_PHASE_STRIP = NO;
				DEBUG_INFORMATION_FORMAT = "dwarf-with-dsym";
				ENABLE_NS_ASSERTIONS = NO;
				ENABLE_STRICT_OBJC_MSGSEND = YES;
				GCC_C_LANGUAGE_STANDARD = gnu99;
				GCC_NO_COMMON_BLOCKS = YES;
				GCC_WARN_64_TO_32_BIT_CONVERSION = YES;
				GCC_WARN_ABOUT_RETURN_TYPE = YES_ERROR;
				GCC_WARN_UNDECLARED_SELECTOR = YES;
				GCC_WARN_UNINITIALIZED_AUTOS = YES_AGGRESSIVE;
				GCC_WARN_UNUSED_FUNCTION = YES;
				GCC_WARN_UNUSED_VARIABLE = YES;
				IPHONEOS_DEPLOYMENT_TARGET = 9.1;
				MTL_ENABLE_DEBUG_INFO = NO;
				SDKROOT = iphoneos;
				SWIFT_OPTIMIZATION_LEVEL = "-Owholemodule";
				TARGETED_DEVICE_FAMILY = "1,2";
				VALIDATE_PRODUCT = YES;
			};
			name = Release;
		};
		F4CCF5F31C005F3500D8922B /* Debug */ = {
			isa = XCBuildConfiguration;
			buildSettings = {
				ASSETCATALOG_COMPILER_APPICON_NAME = AppIcon;
				INFOPLIST_FILE = CircularSeek/Info.plist;
				IPHONEOS_DEPLOYMENT_TARGET = 8.0;
				LD_RUNPATH_SEARCH_PATHS = "$(inherited) @executable_path/Frameworks";
				PRODUCT_BUNDLE_IDENTIFIER = com.karthikkeyan.CircularSeek;
				PRODUCT_NAME = "$(TARGET_NAME)";
				SWIFT_VERSION = 3.0;
			};
			name = Debug;
		};
		F4CCF5F41C005F3500D8922B /* Release */ = {
			isa = XCBuildConfiguration;
			buildSettings = {
				ASSETCATALOG_COMPILER_APPICON_NAME = AppIcon;
				INFOPLIST_FILE = CircularSeek/Info.plist;
				IPHONEOS_DEPLOYMENT_TARGET = 8.0;
				LD_RUNPATH_SEARCH_PATHS = "$(inherited) @executable_path/Frameworks";
				PRODUCT_BUNDLE_IDENTIFIER = com.karthikkeyan.CircularSeek;
				PRODUCT_NAME = "$(TARGET_NAME)";
				SWIFT_VERSION = 3.0;
			};
			name = Release;
		};
		F4CCF5F61C005F3500D8922B /* Debug */ = {
			isa = XCBuildConfiguration;
			buildSettings = {
				INFOPLIST_FILE = CircularSeekUITests/Info.plist;
				LD_RUNPATH_SEARCH_PATHS = "$(inherited) @executable_path/Frameworks @loader_path/Frameworks";
				PRODUCT_BUNDLE_IDENTIFIER = com.karthikkeyan.CircularSeekUITests;
				PRODUCT_NAME = "$(TARGET_NAME)";
				SWIFT_VERSION = 3.0;
				TEST_TARGET_NAME = CircularSeek;
				USES_XCTRUNNER = YES;
			};
			name = Debug;
		};
		F4CCF5F71C005F3500D8922B /* Release */ = {
			isa = XCBuildConfiguration;
			buildSettings = {
				INFOPLIST_FILE = CircularSeekUITests/Info.plist;
				LD_RUNPATH_SEARCH_PATHS = "$(inherited) @executable_path/Frameworks @loader_path/Frameworks";
				PRODUCT_BUNDLE_IDENTIFIER = com.karthikkeyan.CircularSeekUITests;
				PRODUCT_NAME = "$(TARGET_NAME)";
				SWIFT_VERSION = 3.0;
				TEST_TARGET_NAME = CircularSeek;
				USES_XCTRUNNER = YES;
			};
			name = Release;
		};
/* End XCBuildConfiguration section */

/* Begin XCConfigurationList section */
		F4CCF5D01C005F3400D8922B /* Build configuration list for PBXProject "CircularSeek" */ = {
			isa = XCConfigurationList;
			buildConfigurations = (
				F4CCF5F01C005F3500D8922B /* Debug */,
				F4CCF5F11C005F3500D8922B /* Release */,
			);
			defaultConfigurationIsVisible = 0;
			defaultConfigurationName = Release;
		};
		F4CCF5F21C005F3500D8922B /* Build configuration list for PBXNativeTarget "CircularSeek" */ = {
			isa = XCConfigurationList;
			buildConfigurations = (
				F4CCF5F31C005F3500D8922B /* Debug */,
				F4CCF5F41C005F3500D8922B /* Release */,
			);
			defaultConfigurationIsVisible = 0;
			defaultConfigurationName = Release;
		};
		F4CCF5F51C005F3500D8922B /* Build configuration list for PBXNativeTarget "CircularSeekUITests" */ = {
			isa = XCConfigurationList;
			buildConfigurations = (
				F4CCF5F61C005F3500D8922B /* Debug */,
				F4CCF5F71C005F3500D8922B /* Release */,
			);
			defaultConfigurationIsVisible = 0;
			defaultConfigurationName = Release;
		};
/* End XCConfigurationList section */
	};
	rootObject = F4CCF5CD1C005F3400D8922B /* Project object */;
}
